// !$*UTF8*$!
{
	archiveVersion = 1;
	classes = {
	};
	objectVersion = 46;
	objects = {

/* Begin PBXBuildFile section */
		7CDEF0BD20BD010630F57ADE /* libPods.a in Frameworks */ = {isa = PBXBuildFile; fileRef = B1BDAC3B5031ED229000284E /* libPods.a */; };
		FE1164F81BF847CF00094591 /* main.m in Sources */ = {isa = PBXBuildFile; fileRef = FE1164F71BF847CF00094591 /* main.m */; };
		FE1164FB1BF847CF00094591 /* AppDelegate.m in Sources */ = {isa = PBXBuildFile; fileRef = FE1164FA1BF847CF00094591 /* AppDelegate.m */; };
		FE1165011BF847CF00094591 /* Main.storyboard in Resources */ = {isa = PBXBuildFile; fileRef = FE1164FF1BF847CF00094591 /* Main.storyboard */; };
		FE1165031BF847D000094591 /* Assets.xcassets in Resources */ = {isa = PBXBuildFile; fileRef = FE1165021BF847D000094591 /* Assets.xcassets */; };
		FE1165061BF847D000094591 /* LaunchScreen.storyboard in Resources */ = {isa = PBXBuildFile; fileRef = FE1165041BF847D000094591 /* LaunchScreen.storyboard */; };
		FE1165111BF847D000094591 /* PrettyGirlsTests.m in Sources */ = {isa = PBXBuildFile; fileRef = FE1165101BF847D000094591 /* PrettyGirlsTests.m */; };
		FE11651C1BF847D000094591 /* PrettyGirlsUITests.m in Sources */ = {isa = PBXBuildFile; fileRef = FE11651B1BF847D000094591 /* PrettyGirlsUITests.m */; };
		FE1165501BF84C4500094591 /* Global.m in Sources */ = {isa = PBXBuildFile; fileRef = FE1165331BF84C4500094591 /* Global.m */; };
		FE1165511BF84C4500094591 /* WdCleanCaches.m in Sources */ = {isa = PBXBuildFile; fileRef = FE1165351BF84C4500094591 /* WdCleanCaches.m */; };
		FE1165521BF84C4500094591 /* HUDTools.m in Sources */ = {isa = PBXBuildFile; fileRef = FE1165381BF84C4500094591 /* HUDTools.m */; };
		FE1165531BF84C4500094591 /* RIButtonItem.m in Sources */ = {isa = PBXBuildFile; fileRef = FE11653A1BF84C4500094591 /* RIButtonItem.m */; };
		FE1165541BF84C4500094591 /* SVProgressHUD.bundle in Resources */ = {isa = PBXBuildFile; fileRef = FE11653B1BF84C4500094591 /* SVProgressHUD.bundle */; };
		FE1165551BF84C4500094591 /* SVProgressHUD.m in Sources */ = {isa = PBXBuildFile; fileRef = FE11653D1BF84C4500094591 /* SVProgressHUD.m */; };
		FE1165561BF84C4500094591 /* UIAlertView+Blocks.m in Sources */ = {isa = PBXBuildFile; fileRef = FE11653F1BF84C4500094591 /* UIAlertView+Blocks.m */; };
		FE1165571BF84C4500094591 /* MLPictureBrowser.m in Sources */ = {isa = PBXBuildFile; fileRef = FE1165421BF84C4500094591 /* MLPictureBrowser.m */; };
		FE1165581BF84C4500094591 /* MLPicture.m in Sources */ = {isa = PBXBuildFile; fileRef = FE1165451BF84C4500094591 /* MLPicture.m */; };
		FE1165591BF84C4500094591 /* UIImage+Tint.m in Sources */ = {isa = PBXBuildFile; fileRef = FE1165481BF84C4500094591 /* UIImage+Tint.m */; };
		FE11655A1BF84C4500094591 /* MLBroadcastView.m in Sources */ = {isa = PBXBuildFile; fileRef = FE11654B1BF84C4500094591 /* MLBroadcastView.m */; };
		FE11655B1BF84C4500094591 /* MLBroadcastViewCell.m in Sources */ = {isa = PBXBuildFile; fileRef = FE11654D1BF84C4500094591 /* MLBroadcastViewCell.m */; };
		FE11655C1BF84C4500094591 /* MLPictureBrowserCell.m in Sources */ = {isa = PBXBuildFile; fileRef = FE11654F1BF84C4500094591 /* MLPictureBrowserCell.m */; };
		FE1165651BF85A7400094591 /* AFAppDotNetAPIClient.m in Sources */ = {isa = PBXBuildFile; fileRef = FE1165601BF85A7400094591 /* AFAppDotNetAPIClient.m */; };
		FE1165661BF85A7400094591 /* AFNTool.m in Sources */ = {isa = PBXBuildFile; fileRef = FE1165621BF85A7400094591 /* AFNTool.m */; };
		FE1165671BF85A7400094591 /* NSString+NET.m in Sources */ = {isa = PBXBuildFile; fileRef = FE1165641BF85A7400094591 /* NSString+NET.m */; };
		FE1165761BF85DEE00094591 /* GirlsController.m in Sources */ = {isa = PBXBuildFile; fileRef = FE1165751BF85DEE00094591 /* GirlsController.m */; };
		FE11657A1BF85F6100094591 /* WaterCell.m in Sources */ = {isa = PBXBuildFile; fileRef = FE1165781BF85F6100094591 /* WaterCell.m */; };
		FE11657B1BF85F6100094591 /* WaterCell.xib in Resources */ = {isa = PBXBuildFile; fileRef = FE1165791BF85F6100094591 /* WaterCell.xib */; };
		FE11657E1BF8609B00094591 /* WaterModel.m in Sources */ = {isa = PBXBuildFile; fileRef = FE11657D1BF8609B00094591 /* WaterModel.m */; };
/* End PBXBuildFile section */

/* Begin PBXContainerItemProxy section */
		FE11650D1BF847D000094591 /* PBXContainerItemProxy */ = {
			isa = PBXContainerItemProxy;
			containerPortal = FE1164EB1BF847CF00094591 /* Project object */;
			proxyType = 1;
			remoteGlobalIDString = FE1164F21BF847CF00094591;
			remoteInfo = PrettyGirls;
		};
		FE1165181BF847D000094591 /* PBXContainerItemProxy */ = {
			isa = PBXContainerItemProxy;
			containerPortal = FE1164EB1BF847CF00094591 /* Project object */;
			proxyType = 1;
			remoteGlobalIDString = FE1164F21BF847CF00094591;
			remoteInfo = PrettyGirls;
		};
/* End PBXContainerItemProxy section */

/* Begin PBXFileReference section */
		B1BDAC3B5031ED229000284E /* libPods.a */ = {isa = PBXFileReference; explicitFileType = archive.ar; includeInIndex = 0; path = libPods.a; sourceTree = BUILT_PRODUCTS_DIR; };
		E7D08A43B30EABE8B1F67FFB /* Pods.release.xcconfig */ = {isa = PBXFileReference; includeInIndex = 1; lastKnownFileType = text.xcconfig; name = Pods.release.xcconfig; path = "Pods/Target Support Files/Pods/Pods.release.xcconfig"; sourceTree = "<group>"; };
		F23352AA49969FED70C576C2 /* Pods.debug.xcconfig */ = {isa = PBXFileReference; includeInIndex = 1; lastKnownFileType = text.xcconfig; name = Pods.debug.xcconfig; path = "Pods/Target Support Files/Pods/Pods.debug.xcconfig"; sourceTree = "<group>"; };
		FE1164F31BF847CF00094591 /* PrettyGirls.app */ = {isa = PBXFileReference; explicitFileType = wrapper.application; includeInIndex = 0; path = PrettyGirls.app; sourceTree = BUILT_PRODUCTS_DIR; };
		FE1164F71BF847CF00094591 /* main.m */ = {isa = PBXFileReference; lastKnownFileType = sourcecode.c.objc; path = main.m; sourceTree = "<group>"; };
		FE1164F91BF847CF00094591 /* AppDelegate.h */ = {isa = PBXFileReference; lastKnownFileType = sourcecode.c.h; path = AppDelegate.h; sourceTree = "<group>"; };
		FE1164FA1BF847CF00094591 /* AppDelegate.m */ = {isa = PBXFileReference; lastKnownFileType = sourcecode.c.objc; path = AppDelegate.m; sourceTree = "<group>"; };
		FE1165001BF847CF00094591 /* Base */ = {isa = PBXFileReference; lastKnownFileType = file.storyboard; name = Base; path = Base.lproj/Main.storyboard; sourceTree = "<group>"; };
		FE1165021BF847D000094591 /* Assets.xcassets */ = {isa = PBXFileReference; lastKnownFileType = folder.assetcatalog; path = Assets.xcassets; sourceTree = "<group>"; };
		FE1165051BF847D000094591 /* Base */ = {isa = PBXFileReference; lastKnownFileType = file.storyboard; name = Base; path = Base.lproj/LaunchScreen.storyboard; sourceTree = "<group>"; };
		FE1165071BF847D000094591 /* Info.plist */ = {isa = PBXFileReference; lastKnownFileType = text.plist.xml; path = Info.plist; sourceTree = "<group>"; };
		FE11650C1BF847D000094591 /* PrettyGirlsTests.xctest */ = {isa = PBXFileReference; explicitFileType = wrapper.cfbundle; includeInIndex = 0; path = PrettyGirlsTests.xctest; sourceTree = BUILT_PRODUCTS_DIR; };
		FE1165101BF847D000094591 /* PrettyGirlsTests.m */ = {isa = PBXFileReference; lastKnownFileType = sourcecode.c.objc; path = PrettyGirlsTests.m; sourceTree = "<group>"; };
		FE1165121BF847D000094591 /* Info.plist */ = {isa = PBXFileReference; lastKnownFileType = text.plist.xml; path = Info.plist; sourceTree = "<group>"; };
		FE1165171BF847D000094591 /* PrettyGirlsUITests.xctest */ = {isa = PBXFileReference; explicitFileType = wrapper.cfbundle; includeInIndex = 0; path = PrettyGirlsUITests.xctest; sourceTree = BUILT_PRODUCTS_DIR; };
		FE11651B1BF847D000094591 /* PrettyGirlsUITests.m */ = {isa = PBXFileReference; lastKnownFileType = sourcecode.c.objc; path = PrettyGirlsUITests.m; sourceTree = "<group>"; };
		FE11651D1BF847D000094591 /* Info.plist */ = {isa = PBXFileReference; lastKnownFileType = text.plist.xml; path = Info.plist; sourceTree = "<group>"; };
		FE1165321BF84C4500094591 /* Global.h */ = {isa = PBXFileReference; fileEncoding = 4; lastKnownFileType = sourcecode.c.h; path = Global.h; sourceTree = "<group>"; };
		FE1165331BF84C4500094591 /* Global.m */ = {isa = PBXFileReference; fileEncoding = 4; lastKnownFileType = sourcecode.c.objc; path = Global.m; sourceTree = "<group>"; };
		FE1165341BF84C4500094591 /* WdCleanCaches.h */ = {isa = PBXFileReference; fileEncoding = 4; lastKnownFileType = sourcecode.c.h; path = WdCleanCaches.h; sourceTree = "<group>"; };
		FE1165351BF84C4500094591 /* WdCleanCaches.m */ = {isa = PBXFileReference; fileEncoding = 4; lastKnownFileType = sourcecode.c.objc; path = WdCleanCaches.m; sourceTree = "<group>"; };
		FE1165371BF84C4500094591 /* HUDTools.h */ = {isa = PBXFileReference; fileEncoding = 4; lastKnownFileType = sourcecode.c.h; path = HUDTools.h; sourceTree = "<group>"; };
		FE1165381BF84C4500094591 /* HUDTools.m */ = {isa = PBXFileReference; fileEncoding = 4; lastKnownFileType = sourcecode.c.objc; path = HUDTools.m; sourceTree = "<group>"; };
		FE1165391BF84C4500094591 /* RIButtonItem.h */ = {isa = PBXFileReference; fileEncoding = 4; lastKnownFileType = sourcecode.c.h; path = RIButtonItem.h; sourceTree = "<group>"; };
		FE11653A1BF84C4500094591 /* RIButtonItem.m */ = {isa = PBXFileReference; fileEncoding = 4; lastKnownFileType = sourcecode.c.objc; path = RIButtonItem.m; sourceTree = "<group>"; };
		FE11653B1BF84C4500094591 /* SVProgressHUD.bundle */ = {isa = PBXFileReference; lastKnownFileType = "wrapper.plug-in"; path = SVProgressHUD.bundle; sourceTree = "<group>"; };
		FE11653C1BF84C4500094591 /* SVProgressHUD.h */ = {isa = PBXFileReference; fileEncoding = 4; lastKnownFileType = sourcecode.c.h; path = SVProgressHUD.h; sourceTree = "<group>"; };
		FE11653D1BF84C4500094591 /* SVProgressHUD.m */ = {isa = PBXFileReference; fileEncoding = 4; lastKnownFileType = sourcecode.c.objc; path = SVProgressHUD.m; sourceTree = "<group>"; };
		FE11653E1BF84C4500094591 /* UIAlertView+Blocks.h */ = {isa = PBXFileReference; fileEncoding = 4; lastKnownFileType = sourcecode.c.h; path = "UIAlertView+Blocks.h"; sourceTree = "<group>"; };
		FE11653F1BF84C4500094591 /* UIAlertView+Blocks.m */ = {isa = PBXFileReference; fileEncoding = 4; lastKnownFileType = sourcecode.c.objc; path = "UIAlertView+Blocks.m"; sourceTree = "<group>"; };
		FE1165411BF84C4500094591 /* MLPictureBrowser.h */ = {isa = PBXFileReference; fileEncoding = 4; lastKnownFileType = sourcecode.c.h; path = MLPictureBrowser.h; sourceTree = "<group>"; };
		FE1165421BF84C4500094591 /* MLPictureBrowser.m */ = {isa = PBXFileReference; fileEncoding = 4; lastKnownFileType = sourcecode.c.objc; path = MLPictureBrowser.m; sourceTree = "<group>"; };
		FE1165441BF84C4500094591 /* MLPicture.h */ = {isa = PBXFileReference; fileEncoding = 4; lastKnownFileType = sourcecode.c.h; path = MLPicture.h; sourceTree = "<group>"; };
		FE1165451BF84C4500094591 /* MLPicture.m */ = {isa = PBXFileReference; fileEncoding = 4; lastKnownFileType = sourcecode.c.objc; path = MLPicture.m; sourceTree = "<group>"; };
		FE1165471BF84C4500094591 /* UIImage+Tint.h */ = {isa = PBXFileReference; fileEncoding = 4; lastKnownFileType = sourcecode.c.h; path = "UIImage+Tint.h"; sourceTree = "<group>"; };
		FE1165481BF84C4500094591 /* UIImage+Tint.m */ = {isa = PBXFileReference; fileEncoding = 4; lastKnownFileType = sourcecode.c.objc; path = "UIImage+Tint.m"; sourceTree = "<group>"; };
		FE11654A1BF84C4500094591 /* MLBroadcastView.h */ = {isa = PBXFileReference; fileEncoding = 4; lastKnownFileType = sourcecode.c.h; path = MLBroadcastView.h; sourceTree = "<group>"; };
		FE11654B1BF84C4500094591 /* MLBroadcastView.m */ = {isa = PBXFileReference; fileEncoding = 4; lastKnownFileType = sourcecode.c.objc; path = MLBroadcastView.m; sourceTree = "<group>"; };
		FE11654C1BF84C4500094591 /* MLBroadcastViewCell.h */ = {isa = PBXFileReference; fileEncoding = 4; lastKnownFileType = sourcecode.c.h; path = MLBroadcastViewCell.h; sourceTree = "<group>"; };
		FE11654D1BF84C4500094591 /* MLBroadcastViewCell.m */ = {isa = PBXFileReference; fileEncoding = 4; lastKnownFileType = sourcecode.c.objc; path = MLBroadcastViewCell.m; sourceTree = "<group>"; };
		FE11654E1BF84C4500094591 /* MLPictureBrowserCell.h */ = {isa = PBXFileReference; fileEncoding = 4; lastKnownFileType = sourcecode.c.h; path = MLPictureBrowserCell.h; sourceTree = "<group>"; };
		FE11654F1BF84C4500094591 /* MLPictureBrowserCell.m */ = {isa = PBXFileReference; fileEncoding = 4; lastKnownFileType = sourcecode.c.objc; path = MLPictureBrowserCell.m; sourceTree = "<group>"; };
		FE11655D1BF84C5E00094591 /* PrefixHeader.pch */ = {isa = PBXFileReference; lastKnownFileType = sourcecode.c.h; path = PrefixHeader.pch; sourceTree = "<group>"; };
		FE11655F1BF85A7400094591 /* AFAppDotNetAPIClient.h */ = {isa = PBXFileReference; fileEncoding = 4; lastKnownFileType = sourcecode.c.h; path = AFAppDotNetAPIClient.h; sourceTree = "<group>"; };
		FE1165601BF85A7400094591 /* AFAppDotNetAPIClient.m */ = {isa = PBXFileReference; fileEncoding = 4; lastKnownFileType = sourcecode.c.objc; path = AFAppDotNetAPIClient.m; sourceTree = "<group>"; };
		FE1165611BF85A7400094591 /* AFNTool.h */ = {isa = PBXFileReference; fileEncoding = 4; lastKnownFileType = sourcecode.c.h; path = AFNTool.h; sourceTree = "<group>"; };
		FE1165621BF85A7400094591 /* AFNTool.m */ = {isa = PBXFileReference; fileEncoding = 4; lastKnownFileType = sourcecode.c.objc; path = AFNTool.m; sourceTree = "<group>"; };
		FE1165631BF85A7400094591 /* NSString+NET.h */ = {isa = PBXFileReference; fileEncoding = 4; lastKnownFileType = sourcecode.c.h; path = "NSString+NET.h"; sourceTree = "<group>"; };
		FE1165641BF85A7400094591 /* NSString+NET.m */ = {isa = PBXFileReference; fileEncoding = 4; lastKnownFileType = sourcecode.c.objc; path = "NSString+NET.m"; sourceTree = "<group>"; };
		FE1165741BF85DEE00094591 /* GirlsController.h */ = {isa = PBXFileReference; fileEncoding = 4; lastKnownFileType = sourcecode.c.h; path = GirlsController.h; sourceTree = "<group>"; };
		FE1165751BF85DEE00094591 /* GirlsController.m */ = {isa = PBXFileReference; fileEncoding = 4; lastKnownFileType = sourcecode.c.objc; path = GirlsController.m; sourceTree = "<group>"; };
		FE1165771BF85F6100094591 /* WaterCell.h */ = {isa = PBXFileReference; fileEncoding = 4; lastKnownFileType = sourcecode.c.h; path = WaterCell.h; sourceTree = "<group>"; };
		FE1165781BF85F6100094591 /* WaterCell.m */ = {isa = PBXFileReference; fileEncoding = 4; lastKnownFileType = sourcecode.c.objc; path = WaterCell.m; sourceTree = "<group>"; };
		FE1165791BF85F6100094591 /* WaterCell.xib */ = {isa = PBXFileReference; fileEncoding = 4; lastKnownFileType = file.xib; path = WaterCell.xib; sourceTree = "<group>"; };
		FE11657C1BF8609B00094591 /* WaterModel.h */ = {isa = PBXFileReference; fileEncoding = 4; lastKnownFileType = sourcecode.c.h; path = WaterModel.h; sourceTree = "<group>"; };
		FE11657D1BF8609B00094591 /* WaterModel.m */ = {isa = PBXFileReference; fileEncoding = 4; lastKnownFileType = sourcecode.c.objc; path = WaterModel.m; sourceTree = "<group>"; };
/* End PBXFileReference section */

/* Begin PBXFrameworksBuildPhase section */
		FE1164F01BF847CF00094591 /* Frameworks */ = {
			isa = PBXFrameworksBuildPhase;
			buildActionMask = 2147483647;
			files = (
				7CDEF0BD20BD010630F57ADE /* libPods.a in Frameworks */,
			);
			runOnlyForDeploymentPostprocessing = 0;
		};
		FE1165091BF847D000094591 /* Frameworks */ = {
			isa = PBXFrameworksBuildPhase;
			buildActionMask = 2147483647;
			files = (
			);
			runOnlyForDeploymentPostprocessing = 0;
		};
		FE1165141BF847D000094591 /* Frameworks */ = {
			isa = PBXFrameworksBuildPhase;
			buildActionMask = 2147483647;
			files = (
			);
			runOnlyForDeploymentPostprocessing = 0;
		};
/* End PBXFrameworksBuildPhase section */

/* Begin PBXGroup section */
		2E177565FEE4A80A48F34FCF /* Pods */ = {
			isa = PBXGroup;
			children = (
				F23352AA49969FED70C576C2 /* Pods.debug.xcconfig */,
				E7D08A43B30EABE8B1F67FFB /* Pods.release.xcconfig */,
			);
			name = Pods;
			sourceTree = "<group>";
		};
		4F743AB25A11A352A2AD5F26 /* Frameworks */ = {
			isa = PBXGroup;
			children = (
				B1BDAC3B5031ED229000284E /* libPods.a */,
			);
			name = Frameworks;
			sourceTree = "<group>";
		};
		FE1164EA1BF847CF00094591 = {
			isa = PBXGroup;
			children = (
				FE1164F51BF847CF00094591 /* PrettyGirls */,
				FE11650F1BF847D000094591 /* PrettyGirlsTests */,
				FE11651A1BF847D000094591 /* PrettyGirlsUITests */,
				FE1164F41BF847CF00094591 /* Products */,
				2E177565FEE4A80A48F34FCF /* Pods */,
				4F743AB25A11A352A2AD5F26 /* Frameworks */,
			);
			sourceTree = "<group>";
		};
		FE1164F41BF847CF00094591 /* Products */ = {
			isa = PBXGroup;
			children = (
				FE1164F31BF847CF00094591 /* PrettyGirls.app */,
				FE11650C1BF847D000094591 /* PrettyGirlsTests.xctest */,
				FE1165171BF847D000094591 /* PrettyGirlsUITests.xctest */,
			);
			name = Products;
			sourceTree = "<group>";
		};
		FE1164F51BF847CF00094591 /* PrettyGirls */ = {
			isa = PBXGroup;
			children = (
				FE11655D1BF84C5E00094591 /* PrefixHeader.pch */,
				FE1164F91BF847CF00094591 /* AppDelegate.h */,
				FE1164FA1BF847CF00094591 /* AppDelegate.m */,
				FE1164FF1BF847CF00094591 /* Main.storyboard */,
				FE1165021BF847D000094591 /* Assets.xcassets */,
				FE1165291BF84C4500094591 /* Class */,
				FE1164F61BF847CF00094591 /* Supporting Files */,
			);
			path = PrettyGirls;
			sourceTree = "<group>";
		};
		FE1164F61BF847CF00094591 /* Supporting Files */ = {
			isa = PBXGroup;
			children = (
				FE1165041BF847D000094591 /* LaunchScreen.storyboard */,
				FE1165071BF847D000094591 /* Info.plist */,
				FE1164F71BF847CF00094591 /* main.m */,
			);
			name = "Supporting Files";
			sourceTree = "<group>";
		};
		FE11650F1BF847D000094591 /* PrettyGirlsTests */ = {
			isa = PBXGroup;
			children = (
				FE1165101BF847D000094591 /* PrettyGirlsTests.m */,
				FE1165121BF847D000094591 /* Info.plist */,
			);
			path = PrettyGirlsTests;
			sourceTree = "<group>";
		};
		FE11651A1BF847D000094591 /* PrettyGirlsUITests */ = {
			isa = PBXGroup;
			children = (
				FE11651B1BF847D000094591 /* PrettyGirlsUITests.m */,
				FE11651D1BF847D000094591 /* Info.plist */,
			);
			path = PrettyGirlsUITests;
			sourceTree = "<group>";
		};
		FE1165291BF84C4500094591 /* Class */ = {
			isa = PBXGroup;
			children = (
				FE11655E1BF85A7400094591 /* AFN */,
				FE11652E1BF84C4500094591 /* Other */,
				FE11652A1BF84C4500094591 /* Main */,
				FE11656C1BF85D6D00094591 /* Girls */,
				FE1165681BF85D6D00094591 /* gank */,
				FE1165701BF85D6D00094591 /* More */,
			);
			path = Class;
			sourceTree = "<group>";
		};
		FE11652A1BF84C4500094591 /* Main */ = {
			isa = PBXGroup;
			children = (
				FE11652B1BF84C4500094591 /* Controller */,
				FE11652C1BF84C4500094591 /* Model */,
				FE11652D1BF84C4500094591 /* View */,
			);
			path = Main;
			sourceTree = "<group>";
		};
		FE11652B1BF84C4500094591 /* Controller */ = {
			isa = PBXGroup;
			children = (
			);
			path = Controller;
			sourceTree = "<group>";
		};
		FE11652C1BF84C4500094591 /* Model */ = {
			isa = PBXGroup;
			children = (
			);
			path = Model;
			sourceTree = "<group>";
		};
		FE11652D1BF84C4500094591 /* View */ = {
			isa = PBXGroup;
			children = (
			);
			path = View;
			sourceTree = "<group>";
		};
		FE11652E1BF84C4500094591 /* Other */ = {
			isa = PBXGroup;
			children = (
				FE11652F1BF84C4500094591 /* Category */,
				FE1165301BF84C4500094591 /* lib */,
			);
			path = Other;
			sourceTree = "<group>";
		};
		FE11652F1BF84C4500094591 /* Category */ = {
			isa = PBXGroup;
			children = (
			);
			path = Category;
			sourceTree = "<group>";
		};
		FE1165301BF84C4500094591 /* lib */ = {
			isa = PBXGroup;
			children = (
				FE1165311BF84C4500094591 /* ClearCache */,
				FE1165361BF84C4500094591 /* HUD */,
				FE1165401BF84C4500094591 /* MLPictureBroswer */,
			);
			path = lib;
			sourceTree = "<group>";
		};
		FE1165311BF84C4500094591 /* ClearCache */ = {
			isa = PBXGroup;
			children = (
				FE1165321BF84C4500094591 /* Global.h */,
				FE1165331BF84C4500094591 /* Global.m */,
				FE1165341BF84C4500094591 /* WdCleanCaches.h */,
				FE1165351BF84C4500094591 /* WdCleanCaches.m */,
			);
			path = ClearCache;
			sourceTree = "<group>";
		};
		FE1165361BF84C4500094591 /* HUD */ = {
			isa = PBXGroup;
			children = (
				FE1165371BF84C4500094591 /* HUDTools.h */,
				FE1165381BF84C4500094591 /* HUDTools.m */,
				FE1165391BF84C4500094591 /* RIButtonItem.h */,
				FE11653A1BF84C4500094591 /* RIButtonItem.m */,
				FE11653B1BF84C4500094591 /* SVProgressHUD.bundle */,
				FE11653C1BF84C4500094591 /* SVProgressHUD.h */,
				FE11653D1BF84C4500094591 /* SVProgressHUD.m */,
				FE11653E1BF84C4500094591 /* UIAlertView+Blocks.h */,
				FE11653F1BF84C4500094591 /* UIAlertView+Blocks.m */,
			);
			path = HUD;
			sourceTree = "<group>";
		};
		FE1165401BF84C4500094591 /* MLPictureBroswer */ = {
			isa = PBXGroup;
			children = (
				FE1165411BF84C4500094591 /* MLPictureBrowser.h */,
				FE1165421BF84C4500094591 /* MLPictureBrowser.m */,
				FE1165431BF84C4500094591 /* Model */,
				FE1165461BF84C4500094591 /* Other */,
				FE1165491BF84C4500094591 /* View */,
			);
			path = MLPictureBroswer;
			sourceTree = "<group>";
		};
		FE1165431BF84C4500094591 /* Model */ = {
			isa = PBXGroup;
			children = (
				FE1165441BF84C4500094591 /* MLPicture.h */,
				FE1165451BF84C4500094591 /* MLPicture.m */,
			);
			path = Model;
			sourceTree = "<group>";
		};
		FE1165461BF84C4500094591 /* Other */ = {
			isa = PBXGroup;
			children = (
				FE1165471BF84C4500094591 /* UIImage+Tint.h */,
				FE1165481BF84C4500094591 /* UIImage+Tint.m */,
			);
			path = Other;
			sourceTree = "<group>";
		};
		FE1165491BF84C4500094591 /* View */ = {
			isa = PBXGroup;
			children = (
				FE11654A1BF84C4500094591 /* MLBroadcastView.h */,
				FE11654B1BF84C4500094591 /* MLBroadcastView.m */,
				FE11654C1BF84C4500094591 /* MLBroadcastViewCell.h */,
				FE11654D1BF84C4500094591 /* MLBroadcastViewCell.m */,
				FE11654E1BF84C4500094591 /* MLPictureBrowserCell.h */,
				FE11654F1BF84C4500094591 /* MLPictureBrowserCell.m */,
			);
			path = View;
			sourceTree = "<group>";
		};
		FE11655E1BF85A7400094591 /* AFN */ = {
			isa = PBXGroup;
			children = (
				FE11655F1BF85A7400094591 /* AFAppDotNetAPIClient.h */,
				FE1165601BF85A7400094591 /* AFAppDotNetAPIClient.m */,
				FE1165611BF85A7400094591 /* AFNTool.h */,
				FE1165621BF85A7400094591 /* AFNTool.m */,
				FE1165631BF85A7400094591 /* NSString+NET.h */,
				FE1165641BF85A7400094591 /* NSString+NET.m */,
			);
			name = AFN;
			path = Other/AFN;
			sourceTree = "<group>";
		};
		FE1165681BF85D6D00094591 /* gank */ = {
			isa = PBXGroup;
			children = (
				FE1165691BF85D6D00094591 /* Controller */,
				FE11656A1BF85D6D00094591 /* Model */,
				FE11656B1BF85D6D00094591 /* View */,
			);
			path = gank;
			sourceTree = "<group>";
		};
		FE1165691BF85D6D00094591 /* Controller */ = {
			isa = PBXGroup;
			children = (
			);
			path = Controller;
			sourceTree = "<group>";
		};
		FE11656A1BF85D6D00094591 /* Model */ = {
			isa = PBXGroup;
			children = (
			);
			path = Model;
			sourceTree = "<group>";
		};
		FE11656B1BF85D6D00094591 /* View */ = {
			isa = PBXGroup;
			children = (
			);
			path = View;
			sourceTree = "<group>";
		};
		FE11656C1BF85D6D00094591 /* Girls */ = {
			isa = PBXGroup;
			children = (
				FE11656D1BF85D6D00094591 /* Controller */,
				FE11656E1BF85D6D00094591 /* Model */,
				FE11656F1BF85D6D00094591 /* View */,
			);
			path = Girls;
			sourceTree = "<group>";
		};
		FE11656D1BF85D6D00094591 /* Controller */ = {
			isa = PBXGroup;
			children = (
				FE1165741BF85DEE00094591 /* GirlsController.h */,
				FE1165751BF85DEE00094591 /* GirlsController.m */,
			);
			path = Controller;
			sourceTree = "<group>";
		};
		FE11656E1BF85D6D00094591 /* Model */ = {
			isa = PBXGroup;
			children = (
				FE11657C1BF8609B00094591 /* WaterModel.h */,
				FE11657D1BF8609B00094591 /* WaterModel.m */,
			);
			path = Model;
			sourceTree = "<group>";
		};
		FE11656F1BF85D6D00094591 /* View */ = {
			isa = PBXGroup;
			children = (
				FE1165771BF85F6100094591 /* WaterCell.h */,
				FE1165781BF85F6100094591 /* WaterCell.m */,
				FE1165791BF85F6100094591 /* WaterCell.xib */,
			);
			path = View;
			sourceTree = "<group>";
		};
		FE1165701BF85D6D00094591 /* More */ = {
			isa = PBXGroup;
			children = (
				FE1165711BF85D6D00094591 /* Controller */,
				FE1165721BF85D6D00094591 /* Model */,
				FE1165731BF85D6D00094591 /* View */,
			);
			path = More;
			sourceTree = "<group>";
		};
		FE1165711BF85D6D00094591 /* Controller */ = {
			isa = PBXGroup;
			children = (
			);
			path = Controller;
			sourceTree = "<group>";
		};
		FE1165721BF85D6D00094591 /* Model */ = {
			isa = PBXGroup;
			children = (
			);
			path = Model;
			sourceTree = "<group>";
		};
		FE1165731BF85D6D00094591 /* View */ = {
			isa = PBXGroup;
			children = (
			);
			path = View;
			sourceTree = "<group>";
		};
/* End PBXGroup section */

/* Begin PBXNativeTarget section */
		FE1164F21BF847CF00094591 /* PrettyGirls */ = {
			isa = PBXNativeTarget;
			buildConfigurationList = FE1165201BF847D000094591 /* Build configuration list for PBXNativeTarget "PrettyGirls" */;
			buildPhases = (
				B6467F816D6285D92A170A16 /* Check Pods Manifest.lock */,
				FE1164EF1BF847CF00094591 /* Sources */,
				FE1164F01BF847CF00094591 /* Frameworks */,
				FE1164F11BF847CF00094591 /* Resources */,
				7A6408241D2FB217DE0D9ADB /* Copy Pods Resources */,
			);
			buildRules = (
			);
			dependencies = (
			);
			name = PrettyGirls;
			productName = PrettyGirls;
			productReference = FE1164F31BF847CF00094591 /* PrettyGirls.app */;
			productType = "com.apple.product-type.application";
		};
		FE11650B1BF847D000094591 /* PrettyGirlsTests */ = {
			isa = PBXNativeTarget;
			buildConfigurationList = FE1165231BF847D000094591 /* Build configuration list for PBXNativeTarget "PrettyGirlsTests" */;
			buildPhases = (
				FE1165081BF847D000094591 /* Sources */,
				FE1165091BF847D000094591 /* Frameworks */,
				FE11650A1BF847D000094591 /* Resources */,
			);
			buildRules = (
			);
			dependencies = (
				FE11650E1BF847D000094591 /* PBXTargetDependency */,
			);
			name = PrettyGirlsTests;
			productName = PrettyGirlsTests;
			productReference = FE11650C1BF847D000094591 /* PrettyGirlsTests.xctest */;
			productType = "com.apple.product-type.bundle.unit-test";
		};
		FE1165161BF847D000094591 /* PrettyGirlsUITests */ = {
			isa = PBXNativeTarget;
			buildConfigurationList = FE1165261BF847D000094591 /* Build configuration list for PBXNativeTarget "PrettyGirlsUITests" */;
			buildPhases = (
				FE1165131BF847D000094591 /* Sources */,
				FE1165141BF847D000094591 /* Frameworks */,
				FE1165151BF847D000094591 /* Resources */,
			);
			buildRules = (
			);
			dependencies = (
				FE1165191BF847D000094591 /* PBXTargetDependency */,
			);
			name = PrettyGirlsUITests;
			productName = PrettyGirlsUITests;
			productReference = FE1165171BF847D000094591 /* PrettyGirlsUITests.xctest */;
			productType = "com.apple.product-type.bundle.ui-testing";
		};
/* End PBXNativeTarget section */

/* Begin PBXProject section */
		FE1164EB1BF847CF00094591 /* Project object */ = {
			isa = PBXProject;
			attributes = {
				LastUpgradeCheck = 0710;
				ORGANIZATIONNAME = tengfei;
				TargetAttributes = {
					FE1164F21BF847CF00094591 = {
						CreatedOnToolsVersion = 7.1;
					};
					FE11650B1BF847D000094591 = {
						CreatedOnToolsVersion = 7.1;
						TestTargetID = FE1164F21BF847CF00094591;
					};
					FE1165161BF847D000094591 = {
						CreatedOnToolsVersion = 7.1;
						TestTargetID = FE1164F21BF847CF00094591;
					};
				};
			};
			buildConfigurationList = FE1164EE1BF847CF00094591 /* Build configuration list for PBXProject "PrettyGirls" */;
			compatibilityVersion = "Xcode 3.2";
			developmentRegion = English;
			hasScannedForEncodings = 0;
			knownRegions = (
				en,
				Base,
			);
			mainGroup = FE1164EA1BF847CF00094591;
			productRefGroup = FE1164F41BF847CF00094591 /* Products */;
			projectDirPath = "";
			projectRoot = "";
			targets = (
				FE1164F21BF847CF00094591 /* PrettyGirls */,
				FE11650B1BF847D000094591 /* PrettyGirlsTests */,
				FE1165161BF847D000094591 /* PrettyGirlsUITests */,
			);
		};
/* End PBXProject section */

/* Begin PBXResourcesBuildPhase section */
		FE1164F11BF847CF00094591 /* Resources */ = {
			isa = PBXResourcesBuildPhase;
			buildActionMask = 2147483647;
			files = (
				FE1165061BF847D000094591 /* LaunchScreen.storyboard in Resources */,
				FE1165031BF847D000094591 /* Assets.xcassets in Resources */,
				FE11657B1BF85F6100094591 /* WaterCell.xib in Resources */,
				FE1165011BF847CF00094591 /* Main.storyboard in Resources */,
				FE1165541BF84C4500094591 /* SVProgressHUD.bundle in Resources */,
			);
			runOnlyForDeploymentPostprocessing = 0;
		};
		FE11650A1BF847D000094591 /* Resources */ = {
			isa = PBXResourcesBuildPhase;
			buildActionMask = 2147483647;
			files = (
			);
			runOnlyForDeploymentPostprocessing = 0;
		};
		FE1165151BF847D000094591 /* Resources */ = {
			isa = PBXResourcesBuildPhase;
			buildActionMask = 2147483647;
			files = (
			);
			runOnlyForDeploymentPostprocessing = 0;
		};
/* End PBXResourcesBuildPhase section */

/* Begin PBXShellScriptBuildPhase section */
		7A6408241D2FB217DE0D9ADB /* Copy Pods Resources */ = {
			isa = PBXShellScriptBuildPhase;
			buildActionMask = 2147483647;
			files = (
			);
			inputPaths = (
			);
			name = "Copy Pods Resources";
			outputPaths = (
			);
			runOnlyForDeploymentPostprocessing = 0;
			shellPath = /bin/sh;
			shellScript = "\"${SRCROOT}/Pods/Target Support Files/Pods/Pods-resources.sh\"\n";
			showEnvVarsInLog = 0;
		};
		B6467F816D6285D92A170A16 /* Check Pods Manifest.lock */ = {
			isa = PBXShellScriptBuildPhase;
			buildActionMask = 2147483647;
			files = (
			);
			inputPaths = (
			);
			name = "Check Pods Manifest.lock";
			outputPaths = (
			);
			runOnlyForDeploymentPostprocessing = 0;
			shellPath = /bin/sh;
			shellScript = "diff \"${PODS_ROOT}/../Podfile.lock\" \"${PODS_ROOT}/Manifest.lock\" > /dev/null\nif [[ $? != 0 ]] ; then\n    cat << EOM\nerror: The sandbox is not in sync with the Podfile.lock. Run 'pod install' or update your CocoaPods installation.\nEOM\n    exit 1\nfi\n";
			showEnvVarsInLog = 0;
		};
/* End PBXShellScriptBuildPhase section */

/* Begin PBXSourcesBuildPhase section */
		FE1164EF1BF847CF00094591 /* Sources */ = {
			isa = PBXSourcesBuildPhase;
			buildActionMask = 2147483647;
			files = (
				FE1165651BF85A7400094591 /* AFAppDotNetAPIClient.m in Sources */,
				FE1165761BF85DEE00094591 /* GirlsController.m in Sources */,
				FE1165591BF84C4500094591 /* UIImage+Tint.m in Sources */,
				FE1165501BF84C4500094591 /* Global.m in Sources */,
				FE1165551BF84C4500094591 /* SVProgressHUD.m in Sources */,
				FE1165571BF84C4500094591 /* MLPictureBrowser.m in Sources */,
				FE1165671BF85A7400094591 /* NSString+NET.m in Sources */,
				FE11655C1BF84C4500094591 /* MLPictureBrowserCell.m in Sources */,
				FE11655B1BF84C4500094591 /* MLBroadcastViewCell.m in Sources */,
				FE1165561BF84C4500094591 /* UIAlertView+Blocks.m in Sources */,
				FE1164FB1BF847CF00094591 /* AppDelegate.m in Sources */,
				FE11657E1BF8609B00094591 /* WaterModel.m in Sources */,
				FE1165531BF84C4500094591 /* RIButtonItem.m in Sources */,
				FE1165511BF84C4500094591 /* WdCleanCaches.m in Sources */,
				FE1164F81BF847CF00094591 /* main.m in Sources */,
				FE1165661BF85A7400094591 /* AFNTool.m in Sources */,
				FE11655A1BF84C4500094591 /* MLBroadcastView.m in Sources */,
				FE1165521BF84C4500094591 /* HUDTools.m in Sources */,
				FE11657A1BF85F6100094591 /* WaterCell.m in Sources */,
				FE1165581BF84C4500094591 /* MLPicture.m in Sources */,
			);
			runOnlyForDeploymentPostprocessing = 0;
		};
		FE1165081BF847D000094591 /* Sources */ = {
			isa = PBXSourcesBuildPhase;
			buildActionMask = 2147483647;
			files = (
				FE1165111BF847D000094591 /* PrettyGirlsTests.m in Sources */,
			);
			runOnlyForDeploymentPostprocessing = 0;
		};
		FE1165131BF847D000094591 /* Sources */ = {
			isa = PBXSourcesBuildPhase;
			buildActionMask = 2147483647;
			files = (
				FE11651C1BF847D000094591 /* PrettyGirlsUITests.m in Sources */,
			);
			runOnlyForDeploymentPostprocessing = 0;
		};
/* End PBXSourcesBuildPhase section */

/* Begin PBXTargetDependency section */
		FE11650E1BF847D000094591 /* PBXTargetDependency */ = {
			isa = PBXTargetDependency;
			target = FE1164F21BF847CF00094591 /* PrettyGirls */;
			targetProxy = FE11650D1BF847D000094591 /* PBXContainerItemProxy */;
		};
		FE1165191BF847D000094591 /* PBXTargetDependency */ = {
			isa = PBXTargetDependency;
			target = FE1164F21BF847CF00094591 /* PrettyGirls */;
			targetProxy = FE1165181BF847D000094591 /* PBXContainerItemProxy */;
		};
/* End PBXTargetDependency section */

/* Begin PBXVariantGroup section */
		FE1164FF1BF847CF00094591 /* Main.storyboard */ = {
			isa = PBXVariantGroup;
			children = (
				FE1165001BF847CF00094591 /* Base */,
			);
			name = Main.storyboard;
			sourceTree = "<group>";
		};
		FE1165041BF847D000094591 /* LaunchScreen.storyboard */ = {
			isa = PBXVariantGroup;
			children = (
				FE1165051BF847D000094591 /* Base */,
			);
			name = LaunchScreen.storyboard;
			sourceTree = "<group>";
		};
/* End PBXVariantGroup section */

/* Begin XCBuildConfiguration section */
		FE11651E1BF847D000094591 /* Debug */ = {
			isa = XCBuildConfiguration;
			buildSettings = {
				ALWAYS_SEARCH_USER_PATHS = NO;
				CLANG_CXX_LANGUAGE_STANDARD = "gnu++0x";
				CLANG_CXX_LIBRARY = "libc++";
				CLANG_ENABLE_MODULES = YES;
				CLANG_ENABLE_OBJC_ARC = YES;
				CLANG_WARN_BOOL_CONVERSION = YES;
				CLANG_WARN_CONSTANT_CONVERSION = YES;
				CLANG_WARN_DIRECT_OBJC_ISA_USAGE = YES_ERROR;
				CLANG_WARN_EMPTY_BODY = YES;
				CLANG_WARN_ENUM_CONVERSION = YES;
				CLANG_WARN_INT_CONVERSION = YES;
				CLANG_WARN_OBJC_ROOT_CLASS = YES_ERROR;
				CLANG_WARN_UNREACHABLE_CODE = YES;
				CLANG_WARN__DUPLICATE_METHOD_MATCH = YES;
				"CODE_SIGN_IDENTITY[sdk=iphoneos*]" = "iPhone Developer";
				COPY_PHASE_STRIP = NO;
				DEBUG_INFORMATION_FORMAT = dwarf;
				ENABLE_STRICT_OBJC_MSGSEND = YES;
				ENABLE_TESTABILITY = YES;
				GCC_C_LANGUAGE_STANDARD = gnu99;
				GCC_DYNAMIC_NO_PIC = NO;
				GCC_NO_COMMON_BLOCKS = YES;
				GCC_OPTIMIZATION_LEVEL = 0;
				GCC_PREPROCESSOR_DEFINITIONS = (
					"DEBUG=1",
					"$(inherited)",
				);
				GCC_WARN_64_TO_32_BIT_CONVERSION = YES;
				GCC_WARN_ABOUT_RETURN_TYPE = YES_ERROR;
				GCC_WARN_UNDECLARED_SELECTOR = YES;
				GCC_WARN_UNINITIALIZED_AUTOS = YES_AGGRESSIVE;
				GCC_WARN_UNUSED_FUNCTION = YES;
				GCC_WARN_UNUSED_VARIABLE = YES;
				IPHONEOS_DEPLOYMENT_TARGET = 9.1;
				MTL_ENABLE_DEBUG_INFO = YES;
				ONLY_ACTIVE_ARCH = YES;
				SDKROOT = iphoneos;
				TARGETED_DEVICE_FAMILY = "1,2";
			};
			name = Debug;
		};
		FE11651F1BF847D000094591 /* Release */ = {
			isa = XCBuildConfiguration;
			buildSettings = {
				ALWAYS_SEARCH_USER_PATHS = NO;
				CLANG_CXX_LANGUAGE_STANDARD = "gnu++0x";
				CLANG_CXX_LIBRARY = "libc++";
				CLANG_ENABLE_MODULES = YES;
				CLANG_ENABLE_OBJC_ARC = YES;
				CLANG_WARN_BOOL_CONVERSION = YES;
				CLANG_WARN_CONSTANT_CONVERSION = YES;
				CLANG_WARN_DIRECT_OBJC_ISA_USAGE = YES_ERROR;
				CLANG_WARN_EMPTY_BODY = YES;
				CLANG_WARN_ENUM_CONVERSION = YES;
				CLANG_WARN_INT_CONVERSION = YES;
				CLANG_WARN_OBJC_ROOT_CLASS = YES_ERROR;
				CLANG_WARN_UNREACHABLE_CODE = YES;
				CLANG_WARN__DUPLICATE_METHOD_MATCH = YES;
				"CODE_SIGN_IDENTITY[sdk=iphoneos*]" = "iPhone Developer";
				COPY_PHASE_STRIP = NO;
				DEBUG_INFORMATION_FORMAT = "dwarf-with-dsym";
				ENABLE_NS_ASSERTIONS = NO;
				ENABLE_STRICT_OBJC_MSGSEND = YES;
				GCC_C_LANGUAGE_STANDARD = gnu99;
				GCC_NO_COMMON_BLOCKS = YES;
				GCC_WARN_64_TO_32_BIT_CONVERSION = YES;
				GCC_WARN_ABOUT_RETURN_TYPE = YES_ERROR;
				GCC_WARN_UNDECLARED_SELECTOR = YES;
				GCC_WARN_UNINITIALIZED_AUTOS = YES_AGGRESSIVE;
				GCC_WARN_UNUSED_FUNCTION = YES;
				GCC_WARN_UNUSED_VARIABLE = YES;
				IPHONEOS_DEPLOYMENT_TARGET = 9.1;
				MTL_ENABLE_DEBUG_INFO = NO;
				SDKROOT = iphoneos;
				TARGETED_DEVICE_FAMILY = "1,2";
				VALIDATE_PRODUCT = YES;
			};
			name = Release;
		};
		FE1165211BF847D000094591 /* Debug */ = {
			isa = XCBuildConfiguration;
			baseConfigurationReference = F23352AA49969FED70C576C2 /* Pods.debug.xcconfig */;
			buildSettings = {
				ASSETCATALOG_COMPILER_APPICON_NAME = AppIcon;
				GCC_PREFIX_HEADER = "$(SRCROOT)/PrettyGirls/PrefixHeader.pch";
				INFOPLIST_FILE = PrettyGirls/Info.plist;
				IPHONEOS_DEPLOYMENT_TARGET = 8.0;
				LD_RUNPATH_SEARCH_PATHS = "$(inherited) @executable_path/Frameworks";
				PRODUCT_BUNDLE_IDENTIFIER = com.ftf.PrettyGirls.PrettyGirls;
				PRODUCT_NAME = "$(TARGET_NAME)";
			};
			name = Debug;
		};
		FE1165221BF847D000094591 /* Release */ = {
			isa = XCBuildConfiguration;
			baseConfigurationReference = E7D08A43B30EABE8B1F67FFB /* Pods.release.xcconfig */;
			buildSettings = {
				ASSETCATALOG_COMPILER_APPICON_NAME = AppIcon;
				GCC_PREFIX_HEADER = "$(SRCROOT)/PrettyGirls/PrefixHeader.pch";
				INFOPLIST_FILE = PrettyGirls/Info.plist;
				IPHONEOS_DEPLOYMENT_TARGET = 8.0;
				LD_RUNPATH_SEARCH_PATHS = "$(inherited) @executable_path/Frameworks";
				PRODUCT_BUNDLE_IDENTIFIER = com.ftf.PrettyGirls.PrettyGirls;
				PRODUCT_NAME = "$(TARGET_NAME)";
			};
			name = Release;
		};
		FE1165241BF847D000094591 /* Debug */ = {
			isa = XCBuildConfiguration;
			buildSettings = {
				BUNDLE_LOADER = "$(TEST_HOST)";
				INFOPLIST_FILE = PrettyGirlsTests/Info.plist;
				LD_RUNPATH_SEARCH_PATHS = "$(inherited) @executable_path/Frameworks @loader_path/Frameworks";
				PRODUCT_BUNDLE_IDENTIFIER = com.ftf.PrettyGirls.PrettyGirlsTests;
				PRODUCT_NAME = "$(TARGET_NAME)";
				TEST_HOST = "$(BUILT_PRODUCTS_DIR)/PrettyGirls.app/PrettyGirls";
			};
			name = Debug;
		};
		FE1165251BF847D000094591 /* Release */ = {
			isa = XCBuildConfiguration;
			buildSettings = {
				BUNDLE_LOADER = "$(TEST_HOST)";
				INFOPLIST_FILE = PrettyGirlsTests/Info.plist;
				LD_RUNPATH_SEARCH_PATHS = "$(inherited) @executable_path/Frameworks @loader_path/Frameworks";
				PRODUCT_BUNDLE_IDENTIFIER = com.ftf.PrettyGirls.PrettyGirlsTests;
				PRODUCT_NAME = "$(TARGET_NAME)";
				TEST_HOST = "$(BUILT_PRODUCTS_DIR)/PrettyGirls.app/PrettyGirls";
			};
			name = Release;
		};
		FE1165271BF847D000094591 /* Debug */ = {
			isa = XCBuildConfiguration;
			buildSettings = {
				INFOPLIST_FILE = PrettyGirlsUITests/Info.plist;
				LD_RUNPATH_SEARCH_PATHS = "$(inherited) @executable_path/Frameworks @loader_path/Frameworks";
				PRODUCT_BUNDLE_IDENTIFIER = com.ftf.PrettyGirls.PrettyGirlsUITests;
				PRODUCT_NAME = "$(TARGET_NAME)";
				TEST_TARGET_NAME = PrettyGirls;
				USES_XCTRUNNER = YES;
			};
			name = Debug;
		};
		FE1165281BF847D000094591 /* Release */ = {
			isa = XCBuildConfiguration;
			buildSettings = {
				INFOPLIST_FILE = PrettyGirlsUITests/Info.plist;
				LD_RUNPATH_SEARCH_PATHS = "$(inherited) @executable_path/Frameworks @loader_path/Frameworks";
				PRODUCT_BUNDLE_IDENTIFIER = com.ftf.PrettyGirls.PrettyGirlsUITests;
				PRODUCT_NAME = "$(TARGET_NAME)";
				TEST_TARGET_NAME = PrettyGirls;
				USES_XCTRUNNER = YES;
			};
			name = Release;
		};
/* End XCBuildConfiguration section */

/* Begin XCConfigurationList section */
		FE1164EE1BF847CF00094591 /* Build configuration list for PBXProject "PrettyGirls" */ = {
			isa = XCConfigurationList;
			buildConfigurations = (
				FE11651E1BF847D000094591 /* Debug */,
				FE11651F1BF847D000094591 /* Release */,
			);
			defaultConfigurationIsVisible = 0;
			defaultConfigurationName = Release;
		};
		FE1165201BF847D000094591 /* Build configuration list for PBXNativeTarget "PrettyGirls" */ = {
			isa = XCConfigurationList;
			buildConfigurations = (
				FE1165211BF847D000094591 /* Debug */,
				FE1165221BF847D000094591 /* Release */,
			);
			defaultConfigurationIsVisible = 0;
			defaultConfigurationName = Release;
		};
		FE1165231BF847D000094591 /* Build configuration list for PBXNativeTarget "PrettyGirlsTests" */ = {
			isa = XCConfigurationList;
			buildConfigurations = (
				FE1165241BF847D000094591 /* Debug */,
				FE1165251BF847D000094591 /* Release */,
			);
			defaultConfigurationIsVisible = 0;
			defaultConfigurationName = Release;
		};
		FE1165261BF847D000094591 /* Build configuration list for PBXNativeTarget "PrettyGirlsUITests" */ = {
			isa = XCConfigurationList;
			buildConfigurations = (
				FE1165271BF847D000094591 /* Debug */,
				FE1165281BF847D000094591 /* Release */,
			);
			defaultConfigurationIsVisible = 0;
			defaultConfigurationName = Release;
		};
/* End XCConfigurationList section */
	};
	rootObject = FE1164EB1BF847CF00094591 /* Project object */;
}
